
Microsoft Visual Studio Solution File, Format Version 12.00
Project("{FAE04EC0-301F-11D3-BF4B-00C04F79EFBC}") = "SearchOnGoogleDriveAPI", "SearchOnGoogleDriveAPI\SearchOnGoogleDriveAPI.csproj", "{3462DDD1-DD5C-4DFA-9410-A162386B53F9}"
EndProject
Global
	GlobalSection(SolutionConfigurationPlatforms) = preSolution
		Debug|Any CPU = Debug|Any CPU
		Release|Any CPU = Release|Any CPU
	EndGlobalSection
	GlobalSection(ProjectConfigurationPlatforms) = postSolution
		{3462DDD1-DD5C-4DFA-9410-A162386B53F9}.Debug|Any CPU.ActiveCfg = Debug|Any CPU
		{3462DDD1-DD5C-4DFA-9410-A162386B53F9}.Debug|Any CPU.Build.0 = Debug|Any CPU
		{3462DDD1-DD5C-4DFA-9410-A162386B53F9}.Release|Any CPU.ActiveCfg = Release|Any CPU
		{3462DDD1-DD5C-4DFA-9410-A162386B53F9}.Release|Any CPU.Build.0 = Release|Any CPU
	EndGlobalSection
EndGlobal
